// !$*UTF8*$!
{
	archiveVersion = 1;
	classes = {
	};
	objectVersion = 55;
	objects = {

/* Begin PBXBuildFile section */
		8430815427BA7CA70082C7A8 /* TaskRow.swift in Sources */ = {isa = PBXBuildFile; fileRef = 8430815327BA7CA70082C7A8 /* TaskRow.swift */; };
		8430815627BA827A0082C7A8 /* AddTask.swift in Sources */ = {isa = PBXBuildFile; fileRef = 8430815527BA827A0082C7A8 /* AddTask.swift */; };
		8430815827BA89ED0082C7A8 /* taskButton.swift in Sources */ = {isa = PBXBuildFile; fileRef = 8430815727BA89ED0082C7A8 /* taskButton.swift */; };
		8430815B27BABCCF0082C7A8 /* Realm in Frameworks */ = {isa = PBXBuildFile; productRef = 8430815A27BABCCF0082C7A8 /* Realm */; };
		8430815D27BABCCF0082C7A8 /* RealmSwift in Frameworks */ = {isa = PBXBuildFile; productRef = 8430815C27BABCCF0082C7A8 /* RealmSwift */; };
		8430815F27BABD460082C7A8 /* RealmManager.swift in Sources */ = {isa = PBXBuildFile; fileRef = 8430815E27BABD460082C7A8 /* RealmManager.swift */; };
		8430816127BAC18D0082C7A8 /* Task.swift in Sources */ = {isa = PBXBuildFile; fileRef = 8430816027BAC18D0082C7A8 /* Task.swift */; };
		8488E3FF27BA794700DA8057 /* TodoApp.swift in Sources */ = {isa = PBXBuildFile; fileRef = 8488E3FE27BA794700DA8057 /* TodoApp.swift */; };
		8488E40127BA794700DA8057 /* ContentView.swift in Sources */ = {isa = PBXBuildFile; fileRef = 8488E40027BA794700DA8057 /* ContentView.swift */; };
		8488E40327BA794900DA8057 /* Assets.xcassets in Resources */ = {isa = PBXBuildFile; fileRef = 8488E40227BA794900DA8057 /* Assets.xcassets */; };
		8488E40627BA794900DA8057 /* Preview Assets.xcassets in Resources */ = {isa = PBXBuildFile; fileRef = 8488E40527BA794900DA8057 /* Preview Assets.xcassets */; };
		8488E40D27BA79B400DA8057 /* TaskView.swift in Sources */ = {isa = PBXBuildFile; fileRef = 8488E40C27BA79B400DA8057 /* TaskView.swift */; };
/* End PBXBuildFile section */

/* Begin PBXFileReference section */
		8430815327BA7CA70082C7A8 /* TaskRow.swift */ = {isa = PBXFileReference; lastKnownFileType = sourcecode.swift; path = TaskRow.swift; sourceTree = "<group>"; };
		8430815527BA827A0082C7A8 /* AddTask.swift */ = {isa = PBXFileReference; lastKnownFileType = sourcecode.swift; path = AddTask.swift; sourceTree = "<group>"; };
		8430815727BA89ED0082C7A8 /* taskButton.swift */ = {isa = PBXFileReference; lastKnownFileType = sourcecode.swift; path = taskButton.swift; sourceTree = "<group>"; };
		8430815E27BABD460082C7A8 /* RealmManager.swift */ = {isa = PBXFileReference; lastKnownFileType = sourcecode.swift; path = RealmManager.swift; sourceTree = "<group>"; };
		8430816027BAC18D0082C7A8 /* Task.swift */ = {isa = PBXFileReference; lastKnownFileType = sourcecode.swift; path = Task.swift; sourceTree = "<group>"; };
		8488E3FB27BA794700DA8057 /* Todo.app */ = {isa = PBXFileReference; explicitFileType = wrapper.application; includeInIndex = 0; path = Todo.app; sourceTree = BUILT_PRODUCTS_DIR; };
		8488E3FE27BA794700DA8057 /* TodoApp.swift */ = {isa = PBXFileReference; lastKnownFileType = sourcecode.swift; path = TodoApp.swift; sourceTree = "<group>"; };
		8488E40027BA794700DA8057 /* ContentView.swift */ = {isa = PBXFileReference; lastKnownFileType = sourcecode.swift; path = ContentView.swift; sourceTree = "<group>"; };
		8488E40227BA794900DA8057 /* Assets.xcassets */ = {isa = PBXFileReference; lastKnownFileType = folder.assetcatalog; path = Assets.xcassets; sourceTree = "<group>"; };
		8488E40527BA794900DA8057 /* Preview Assets.xcassets */ = {isa = PBXFileReference; lastKnownFileType = folder.assetcatalog; path = "Preview Assets.xcassets"; sourceTree = "<group>"; };
		8488E40C27BA79B400DA8057 /* TaskView.swift */ = {isa = PBXFileReference; lastKnownFileType = sourcecode.swift; path = TaskView.swift; sourceTree = "<group>"; };
/* End PBXFileReference section */

/* Begin PBXFrameworksBuildPhase section */
		8488E3F827BA794700DA8057 /* Frameworks */ = {
			isa = PBXFrameworksBuildPhase;
			buildActionMask = 2147483647;
			files = (
				8430815D27BABCCF0082C7A8 /* RealmSwift in Frameworks */,
				8430815B27BABCCF0082C7A8 /* Realm in Frameworks */,
			);
			runOnlyForDeploymentPostprocessing = 0;
		};
/* End PBXFrameworksBuildPhase section */

/* Begin PBXGroup section */
		8430815227BA7C800082C7A8 /* components  */ = {
			isa = PBXGroup;
			children = (
				8430815327BA7CA70082C7A8 /* TaskRow.swift */,
				8430815727BA89ED0082C7A8 /* taskButton.swift */,
			);
			path = "components ";
			sourceTree = "<group>";
		};
		8488E3F227BA794700DA8057 = {
			isa = PBXGroup;
			children = (
				8488E3FD27BA794700DA8057 /* Todo */,
				8488E3FC27BA794700DA8057 /* Products */,
			);
			sourceTree = "<group>";
		};
		8488E3FC27BA794700DA8057 /* Products */ = {
			isa = PBXGroup;
			children = (
				8488E3FB27BA794700DA8057 /* Todo.app */,
			);
			name = Products;
			sourceTree = "<group>";
		};
		8488E3FD27BA794700DA8057 /* Todo */ = {
			isa = PBXGroup;
			children = (
				8488E3FE27BA794700DA8057 /* TodoApp.swift */,
				8430815227BA7C800082C7A8 /* components  */,
				8488E40E27BA79C300DA8057 /* Views */,
				8488E40227BA794900DA8057 /* Assets.xcassets */,
				8488E40427BA794900DA8057 /* Preview Content */,
				8430815E27BABD460082C7A8 /* RealmManager.swift */,
				8430816027BAC18D0082C7A8 /* Task.swift */,
			);
			path = Todo;
			sourceTree = "<group>";
		};
		8488E40427BA794900DA8057 /* Preview Content */ = {
			isa = PBXGroup;
			children = (
				8488E40527BA794900DA8057 /* Preview Assets.xcassets */,
			);
			path = "Preview Content";
			sourceTree = "<group>";
		};
		8488E40E27BA79C300DA8057 /* Views */ = {
			isa = PBXGroup;
			children = (
				8488E40027BA794700DA8057 /* ContentView.swift */,
				8488E40C27BA79B400DA8057 /* TaskView.swift */,
				8430815527BA827A0082C7A8 /* AddTask.swift */,
			);
			path = Views;
			sourceTree = "<group>";
		};
/* End PBXGroup section */

/* Begin PBXNativeTarget section */
		8488E3FA27BA794700DA8057 /* Todo */ = {
			isa = PBXNativeTarget;
			buildConfigurationList = 8488E40927BA794900DA8057 /* Build configuration list for PBXNativeTarget "Todo" */;
			buildPhases = (
				8488E3F727BA794700DA8057 /* Sources */,
				8488E3F827BA794700DA8057 /* Frameworks */,
				8488E3F927BA794700DA8057 /* Resources */,
			);
			buildRules = (
			);
			dependencies = (
			);
			name = Todo;
			packageProductDependencies = (
				8430815A27BABCCF0082C7A8 /* Realm */,
				8430815C27BABCCF0082C7A8 /* RealmSwift */,
			);
			productName = Todo;
			productReference = 8488E3FB27BA794700DA8057 /* Todo.app */;
			productType = "com.apple.product-type.application";
		};
/* End PBXNativeTarget section */

/* Begin PBXProject section */
		8488E3F327BA794700DA8057 /* Project object */ = {
			isa = PBXProject;
			attributes = {
				BuildIndependentTargetsInParallel = 1;
				LastSwiftUpdateCheck = 1320;
				LastUpgradeCheck = 1320;
				TargetAttributes = {
					8488E3FA27BA794700DA8057 = {
						CreatedOnToolsVersion = 13.2.1;
					};
				};
			};
			buildConfigurationList = 8488E3F627BA794700DA8057 /* Build configuration list for PBXProject "Todo" */;
			compatibilityVersion = "Xcode 13.0";
			developmentRegion = en;
			hasScannedForEncodings = 0;
			knownRegions = (
				en,
				Base,
			);
			mainGroup = 8488E3F227BA794700DA8057;
			packageReferences = (
				8430815927BABCCF0082C7A8 /* XCRemoteSwiftPackageReference "realm-swift" */,
			);
			productRefGroup = 8488E3FC27BA794700DA8057 /* Products */;
			projectDirPath = "";
			projectRoot = "";
			targets = (
				8488E3FA27BA794700DA8057 /* Todo */,
			);
		};
/* End PBXProject section */

/* Begin PBXResourcesBuildPhase section */
		8488E3F927BA794700DA8057 /* Resources */ = {
			isa = PBXResourcesBuildPhase;
			buildActionMask = 2147483647;
			files = (
				8488E40627BA794900DA8057 /* Preview Assets.xcassets in Resources */,
				8488E40327BA794900DA8057 /* Assets.xcassets in Resources */,
			);
			runOnlyForDeploymentPostprocessing = 0;
		};
/* End PBXResourcesBuildPhase section */

/* Begin PBXSourcesBuildPhase section */
		8488E3F727BA794700DA8057 /* Sources */ = {
			isa = PBXSourcesBuildPhase;
			buildActionMask = 2147483647;
			files = (
				8430816127BAC18D0082C7A8 /* Task.swift in Sources */,
				8488E40D27BA79B400DA8057 /* TaskView.swift in Sources */,
				8430815627BA827A0082C7A8 /* AddTask.swift in Sources */,
				8488E40127BA794700DA8057 /* ContentView.swift in Sources */,
				8488E3FF27BA794700DA8057 /* TodoApp.swift in Sources */,
				8430815827BA89ED0082C7A8 /* taskButton.swift in Sources */,
				8430815F27BABD460082C7A8 /* RealmManager.swift in Sources */,
				8430815427BA7CA70082C7A8 /* TaskRow.swift in Sources */,
			);
			runOnlyForDeploymentPostprocessing = 0;
		};
/* End PBXSourcesBuildPhase section */

/* Begin XCBuildConfiguration section */
		8488E40727BA794900DA8057 /* Debug */ = {
			isa = XCBuildConfiguration;
			buildSettings = {
				ALWAYS_SEARCH_USER_PATHS = NO;
				CLANG_ANALYZER_NONNULL = YES;
				CLANG_ANALYZER_NUMBER_OBJECT_CONVERSION = YES_AGGRESSIVE;
				CLANG_CXX_LANGUAGE_STANDARD = "gnu++17";
				CLANG_CXX_LIBRARY = "libc++";
				CLANG_ENABLE_MODULES = YES;
				CLANG_ENABLE_OBJC_ARC = YES;
				CLANG_ENABLE_OBJC_WEAK = YES;
				CLANG_WARN_BLOCK_CAPTURE_AUTORELEASING = YES;
				CLANG_WARN_BOOL_CONVERSION = YES;
				CLANG_WARN_COMMA = YES;
				CLANG_WARN_CONSTANT_CONVERSION = YES;
				CLANG_WARN_DEPRECATED_OBJC_IMPLEMENTATIONS = YES;
				CLANG_WARN_DIRECT_OBJC_ISA_USAGE = YES_ERROR;
				CLANG_WARN_DOCUMENTATION_COMMENTS = YES;
				CLANG_WARN_EMPTY_BODY = YES;
				CLANG_WARN_ENUM_CONVERSION = YES;
				CLANG_WARN_INFINITE_RECURSION = YES;
				CLANG_WARN_INT_CONVERSION = YES;
				CLANG_WARN_NON_LITERAL_NULL_CONVERSION = YES;
				CLANG_WARN_OBJC_IMPLICIT_RETAIN_SELF = YES;
				CLANG_WARN_OBJC_LITERAL_CONVERSION = YES;
				CLANG_WARN_OBJC_ROOT_CLASS = YES_ERROR;
				CLANG_WARN_QUOTED_INCLUDE_IN_FRAMEWORK_HEADER = YES;
				CLANG_WARN_RANGE_LOOP_ANALYSIS = YES;
				CLANG_WARN_STRICT_PROTOTYPES = YES;
				CLANG_WARN_SUSPICIOUS_MOVE = YES;
				CLANG_WARN_UNGUARDED_AVAILABILITY = YES_AGGRESSIVE;
				CLANG_WARN_UNREACHABLE_CODE = YES;
				CLANG_WARN__DUPLICATE_METHOD_MATCH = YES;
				COPY_PHASE_STRIP = NO;
				DEBUG_INFORMATION_FORMAT = dwarf;
				ENABLE_STRICT_OBJC_MSGSEND = YES;
				ENABLE_TESTABILITY = YES;
				GCC_C_LANGUAGE_STANDARD = gnu11;
				GCC_DYNAMIC_NO_PIC = NO;
				GCC_NO_COMMON_BLOCKS = YES;
				GCC_OPTIMIZATION_LEVEL = 0;
				GCC_PREPROCESSOR_DEFINITIONS = (
					"DEBUG=1",
					"$(inherited)",
				);
				GCC_WARN_64_TO_32_BIT_CONVERSION = YES;
				GCC_WARN_ABOUT_RETURN_TYPE = YES_ERROR;
				GCC_WARN_UNDECLARED_SELECTOR = YES;
				GCC_WARN_UNINITIALIZED_AUTOS = YES_AGGRESSIVE;
				GCC_WARN_UNUSED_FUNCTION = YES;
				GCC_WARN_UNUSED_VARIABLE = YES;
				IPHONEOS_DEPLOYMENT_TARGET = 15.2;
				MTL_ENABLE_DEBUG_INFO = INCLUDE_SOURCE;
				MTL_FAST_MATH = YES;
				ONLY_ACTIVE_ARCH = YES;
				SDKROOT = iphoneos;
				SWIFT_ACTIVE_COMPILATION_CONDITIONS = DEBUG;
				SWIFT_OPTIMIZATION_LEVEL = "-Onone";
			};
			name = Debug;
		};
		8488E40827BA794900DA8057 /* Release */ = {
			isa = XCBuildConfiguration;
			buildSettings = {
				ALWAYS_SEARCH_USER_PATHS = NO;
				CLANG_ANALYZER_NONNULL = YES;
				CLANG_ANALYZER_NUMBER_OBJECT_CONVERSION = YES_AGGRESSIVE;
				CLANG_CXX_LANGUAGE_STANDARD = "gnu++17";
				CLANG_CXX_LIBRARY = "libc++";
				CLANG_ENABLE_MODULES = YES;
				CLANG_ENABLE_OBJC_ARC = YES;
				CLANG_ENABLE_OBJC_WEAK = YES;
				CLANG_WARN_BLOCK_CAPTURE_AUTORELEASING = YES;
				CLANG_WARN_BOOL_CONVERSION = YES;
				CLANG_WARN_COMMA = YES;
				CLANG_WARN_CONSTANT_CONVERSION = YES;
				CLANG_WARN_DEPRECATED_OBJC_IMPLEMENTATIONS = YES;
				CLANG_WARN_DIRECT_OBJC_ISA_USAGE = YES_ERROR;
				CLANG_WARN_DOCUMENTATION_COMMENTS = YES;
				CLANG_WARN_EMPTY_BODY = YES;
				CLANG_WARN_ENUM_CONVERSION = YES;
				CLANG_WARN_INFINITE_RECURSION = YES;
				CLANG_WARN_INT_CONVERSION = YES;
				CLANG_WARN_NON_LITERAL_NULL_CONVERSION = YES;
				CLANG_WARN_OBJC_IMPLICIT_RETAIN_SELF = YES;
				CLANG_WARN_OBJC_LITERAL_CONVERSION = YES;
				CLANG_WARN_OBJC_ROOT_CLASS = YES_ERROR;
				CLANG_WARN_QUOTED_INCLUDE_IN_FRAMEWORK_HEADER = YES;
				CLANG_WARN_RANGE_LOOP_ANALYSIS = YES;
				CLANG_WARN_STRICT_PROTOTYPES = YES;
				CLANG_WARN_SUSPICIOUS_MOVE = YES;
				CLANG_WARN_UNGUARDED_AVAILABILITY = YES_AGGRESSIVE;
				CLANG_WARN_UNREACHABLE_CODE = YES;
				CLANG_WARN__DUPLICATE_METHOD_MATCH = YES;
				COPY_PHASE_STRIP = NO;
				DEBUG_INFORMATION_FORMAT = "dwarf-with-dsym";
				ENABLE_NS_ASSERTIONS = NO;
				ENABLE_STRICT_OBJC_MSGSEND = YES;
				GCC_C_LANGUAGE_STANDARD = gnu11;
				GCC_NO_COMMON_BLOCKS = YES;
				GCC_WARN_64_TO_32_BIT_CONVERSION = YES;
				GCC_WARN_ABOUT_RETURN_TYPE = YES_ERROR;
				GCC_WARN_UNDECLARED_SELECTOR = YES;
				GCC_WARN_UNINITIALIZED_AUTOS = YES_AGGRESSIVE;
				GCC_WARN_UNUSED_FUNCTION = YES;
				GCC_WARN_UNUSED_VARIABLE = YES;
				IPHONEOS_DEPLOYMENT_TARGET = 15.2;
				MTL_ENABLE_DEBUG_INFO = NO;
				MTL_FAST_MATH = YES;
				SDKROOT = iphoneos;
				SWIFT_COMPILATION_MODE = wholemodule;
				SWIFT_OPTIMIZATION_LEVEL = "-O";
				VALIDATE_PRODUCT = YES;
			};
			name = Release;
		};
		8488E40A27BA794900DA8057 /* Debug */ = {
			isa = XCBuildConfiguration;
			buildSettings = {
				ASSETCATALOG_COMPILER_APPICON_NAME = AppIcon;
				ASSETCATALOG_COMPILER_GLOBAL_ACCENT_COLOR_NAME = AccentColor;
				CODE_SIGN_STYLE = Automatic;
				CURRENT_PROJECT_VERSION = 1;
				DEVELOPMENT_ASSET_PATHS = "\"Todo/Preview Content\"";
				ENABLE_PREVIEWS = YES;
				GENERATE_INFOPLIST_FILE = YES;
				INFOPLIST_KEY_UIApplicationSceneManifest_Generation = YES;
				INFOPLIST_KEY_UIApplicationSupportsIndirectInputEvents = YES;
				INFOPLIST_KEY_UILaunchScreen_Generation = YES;
				INFOPLIST_KEY_UISupportedInterfaceOrientations_iPad = "UIInterfaceOrientationPortrait UIInterfaceOrientationPortraitUpsideDown UIInterfaceOrientationLandscapeLeft UIInterfaceOrientationLandscapeRight";
				INFOPLIST_KEY_UISupportedInterfaceOrientations_iPhone = "UIInterfaceOrientationPortrait UIInterfaceOrientationLandscapeLeft UIInterfaceOrientationLandscapeRight";
				LD_RUNPATH_SEARCH_PATHS = (
					"$(inherited)",
					"@executable_path/Frameworks",
				);
				MARKETING_VERSION = 1.0;
				PRODUCT_BUNDLE_IDENTIFIER = one.Todo;
				PRODUCT_NAME = "$(TARGET_NAME)";
				SWIFT_EMIT_LOC_STRINGS = YES;
				SWIFT_VERSION = 5.0;
				TARGETED_DEVICE_FAMILY = "1,2";
			};
			name = Debug;
		};
		8488E40B27BA794900DA8057 /* Release */ = {
			isa = XCBuildConfiguration;
			buildSettings = {
				ASSETCATALOG_COMPILER_APPICON_NAME = AppIcon;
				ASSETCATALOG_COMPILER_GLOBAL_ACCENT_COLOR_NAME = AccentColor;
				CODE_SIGN_STYLE = Automatic;
				CURRENT_PROJECT_VERSION = 1;
				DEVELOPMENT_ASSET_PATHS = "\"Todo/Preview Content\"";
				ENABLE_PREVIEWS = YES;
				GENERATE_INFOPLIST_FILE = YES;
				INFOPLIST_KEY_UIApplicationSceneManifest_Generation = YES;
				INFOPLIST_KEY_UIApplicationSupportsIndirectInputEvents = YES;
				INFOPLIST_KEY_UILaunchScreen_Generation = YES;
				INFOPLIST_KEY_UISupportedInterfaceOrientations_iPad = "UIInterfaceOrientationPortrait UIInterfaceOrientationPortraitUpsideDown UIInterfaceOrientationLandscapeLeft UIInterfaceOrientationLandscapeRight";
				INFOPLIST_KEY_UISupportedInterfaceOrientations_iPhone = "UIInterfaceOrientationPortrait UIInterfaceOrientationLandscapeLeft UIInterfaceOrientationLandscapeRight";
				LD_RUNPATH_SEARCH_PATHS = (
					"$(inherited)",
					"@executable_path/Frameworks",
				);
				MARKETING_VERSION = 1.0;
				PRODUCT_BUNDLE_IDENTIFIER = one.Todo;
				PRODUCT_NAME = "$(TARGET_NAME)";
				SWIFT_EMIT_LOC_STRINGS = YES;
				SWIFT_VERSION = 5.0;
				TARGETED_DEVICE_FAMILY = "1,2";
			};
			name = Release;
		};
/* End XCBuildConfiguration section */

/* Begin XCConfigurationList section */
		8488E3F627BA794700DA8057 /* Build configuration list for PBXProject "Todo" */ = {
			isa = XCConfigurationList;
			buildConfigurations = (
				8488E40727BA794900DA8057 /* Debug */,
				8488E40827BA794900DA8057 /* Release */,
			);
			defaultConfigurationIsVisible = 0;
			defaultConfigurationName = Release;
		};
		8488E40927BA794900DA8057 /* Build configuration list for PBXNativeTarget "Todo" */ = {
			isa = XCConfigurationList;
			buildConfigurations = (
				8488E40A27BA794900DA8057 /* Debug */,
				8488E40B27BA794900DA8057 /* Release */,
			);
			defaultConfigurationIsVisible = 0;
			defaultConfigurationName = Release;
		};
/* End XCConfigurationList section */

/* Begin XCRemoteSwiftPackageReference section */
		8430815927BABCCF0082C7A8 /* XCRemoteSwiftPackageReference "realm-swift" */ = {
			isa = XCRemoteSwiftPackageReference;
			repositoryURL = "https://github.com/realm/realm-swift.git";
			requirement = {
				branch = master;
				kind = branch;
			};
		};
/* End XCRemoteSwiftPackageReference section */

/* Begin XCSwiftPackageProductDependency section */
		8430815A27BABCCF0082C7A8 /* Realm */ = {
			isa = XCSwiftPackageProductDependency;
			package = 8430815927BABCCF0082C7A8 /* XCRemoteSwiftPackageReference "realm-swift" */;
			productName = Realm;
		};
		8430815C27BABCCF0082C7A8 /* RealmSwift */ = {
			isa = XCSwiftPackageProductDependency;
			package = 8430815927BABCCF0082C7A8 /* XCRemoteSwiftPackageReference "realm-swift" */;
			productName = RealmSwift;
		};
/* End XCSwiftPackageProductDependency section */
	};
	rootObject = 8488E3F327BA794700DA8057 /* Project object */;
}
